
Microsoft Visual Studio Solution File, Format Version 12.00
# Visual Studio Version 16
VisualStudioVersion = 16.0.810.17
MinimumVisualStudioVersion = 10.0.40219.1
Project("{FAE04EC0-301F-11D3-BF4B-00C04F79EFBC}") = "ETDValidatorUnitTests", "..\..\Testing\ETDValidatorUnitTests\ETDValidatorUnitTests.csproj", "{07DB0E48-8AE2-498B-84C2-BE8BFE6E794F}"
EndProject
Project("{FAE04EC0-301F-11D3-BF4B-00C04F79EFBC}") = "ETDValidator", "ETDValidator\ETDValidator.csproj", "{C1DAB035-0C1F-4788-9067-A055C0436192}"
EndProject
Global
	GlobalSection(SolutionConfigurationPlatforms) = preSolution
		Debug|Any CPU = Debug|Any CPU
		Release|Any CPU = Release|Any CPU
	EndGlobalSection
	GlobalSection(ProjectConfigurationPlatforms) = postSolution
		{07DB0E48-8AE2-498B-84C2-BE8BFE6E794F}.Debug|Any CPU.ActiveCfg = Debug|Any CPU
		{07DB0E48-8AE2-498B-84C2-BE8BFE6E794F}.Debug|Any CPU.Build.0 = Debug|Any CPU
		{07DB0E48-8AE2-498B-84C2-BE8BFE6E794F}.Release|Any CPU.ActiveCfg = Release|Any CPU
		{07DB0E48-8AE2-498B-84C2-BE8BFE6E794F}.Release|Any CPU.Build.0 = Release|Any CPU
		{C1DAB035-0C1F-4788-9067-A055C0436192}.Debug|Any CPU.ActiveCfg = Debug|Any CPU
		{C1DAB035-0C1F-4788-9067-A055C0436192}.Debug|Any CPU.Build.0 = Debug|Any CPU
		{C1DAB035-0C1F-4788-9067-A055C0436192}.Release|Any CPU.ActiveCfg = Release|Any CPU
		{C1DAB035-0C1F-4788-9067-A055C0436192}.Release|Any CPU.Build.0 = Release|Any CPU
	EndGlobalSection
	GlobalSection(SolutionProperties) = preSolution
		HideSolutionNode = FALSE
	EndGlobalSection
	GlobalSection(ExtensibilityGlobals) = postSolution
		SolutionGuid = {65FD6CBF-ACEA-46E2-B50F-591917E58DD1}
	EndGlobalSection
EndGlobal
